{
  "name": "event-server",
  "version": "1.0.0",
  "lockfileVersion": 2,
  "requires": true,
  "packages": {
    "": {
      "version": "1.0.0",
      "license": "ISC",
      "dependencies": {
        "uWebSockets.js": "https://github.com/uNetworking/uWebSockets.js/archive/refs/tags/v18.14.0.tar.gz"
      }
    },
    "node_modules/uWebSockets.js": {
      "version": "18.14.0",
      "resolved": "https://github.com/uNetworking/uWebSockets.js/archive/refs/tags/v18.14.0.tar.gz",
      "integrity": "sha512-1YaUwux9uJIlvtczyWKuD+MtgF0ors71SGicvjYpOAN5d4SW11YXuxY5R3UD9M94xZbVEScgY/2Eyy+Pe6A+Lw=="
    }
  },
  "dependencies": {
    "uWebSockets.js": {
      "version": "https://github.com/uNetworking/uWebSockets.js/archive/refs/tags/v18.14.0.tar.gz",
      "integrity": "sha512-1YaUwux9uJIlvtczyWKuD+MtgF0ors71SGicvjYpOAN5d4SW11YXuxY5R3UD9M94xZbVEScgY/2Eyy+Pe6A+Lw=="
    }
  }
}
